
Microsoft Visual Studio Solution File, Format Version 12.00
# Visual Studio Version 16
VisualStudioVersion = 16.0.32602.291
MinimumVisualStudioVersion = 10.0.40219.1
Project("{FAE04EC0-301F-11D3-BF4B-00C04F79EFBC}") = "TabletopArmyCreator", "TabletopArmyCreator\TabletopArmyCreator.csproj", "{3C53E118-40FA-491E-88B1-91725E557BD2}"
EndProject
Global
	GlobalSection(SolutionConfigurationPlatforms) = preSolution
		Debug|Any CPU = Debug|Any CPU
		Live|Any CPU = Live|Any CPU
		Release|Any CPU = Release|Any CPU
		UAT|Any CPU = UAT|Any CPU
	EndGlobalSection
	GlobalSection(ProjectConfigurationPlatforms) = postSolution
		{3C53E118-40FA-491E-88B1-91725E557BD2}.Debug|Any CPU.ActiveCfg = Debug|Any CPU
		{3C53E118-40FA-491E-88B1-91725E557BD2}.Debug|Any CPU.Build.0 = Debug|Any CPU
		{3C53E118-40FA-491E-88B1-91725E557BD2}.Live|Any CPU.ActiveCfg = Live|Any CPU
		{3C53E118-40FA-491E-88B1-91725E557BD2}.Live|Any CPU.Build.0 = Live|Any CPU
		{3C53E118-40FA-491E-88B1-91725E557BD2}.Release|Any CPU.ActiveCfg = Release|Any CPU
		{3C53E118-40FA-491E-88B1-91725E557BD2}.Release|Any CPU.Build.0 = Release|Any CPU
		{3C53E118-40FA-491E-88B1-91725E557BD2}.UAT|Any CPU.ActiveCfg = UAT|Any CPU
		{3C53E118-40FA-491E-88B1-91725E557BD2}.UAT|Any CPU.Build.0 = UAT|Any CPU
	EndGlobalSection
	GlobalSection(SolutionProperties) = preSolution
		HideSolutionNode = FALSE
	EndGlobalSection
	GlobalSection(ExtensibilityGlobals) = postSolution
		SolutionGuid = {97080EE1-A6D4-4359-A8D2-24D1D8D0DC54}
	EndGlobalSection
EndGlobal
